
Microsoft Visual Studio Solution File, Format Version 12.00
# Visual Studio Version 16
VisualStudioVersion = 16.0.29709.97
MinimumVisualStudioVersion = 10.0.40219.1
Project("{FAE04EC0-301F-11D3-BF4B-00C04F79EFBC}") = "FunctionApp1", "FunctionApp1\FunctionApp1.csproj", "{354E80BA-3090-48E6-A54B-9A58C084E324}"
EndProject
Global
	GlobalSection(SolutionConfigurationPlatforms) = preSolution
		Debug|Any CPU = Debug|Any CPU
		Release|Any CPU = Release|Any CPU
	EndGlobalSection
	GlobalSection(ProjectConfigurationPlatforms) = postSolution
		{354E80BA-3090-48E6-A54B-9A58C084E324}.Debug|Any CPU.ActiveCfg = Debug|Any CPU
		{354E80BA-3090-48E6-A54B-9A58C084E324}.Debug|Any CPU.Build.0 = Debug|Any CPU
		{354E80BA-3090-48E6-A54B-9A58C084E324}.Release|Any CPU.ActiveCfg = Release|Any CPU
		{354E80BA-3090-48E6-A54B-9A58C084E324}.Release|Any CPU.Build.0 = Release|Any CPU
	EndGlobalSection
	GlobalSection(SolutionProperties) = preSolution
		HideSolutionNode = FALSE
	EndGlobalSection
	GlobalSection(ExtensibilityGlobals) = postSolution
		SolutionGuid = {6CFD64E1-7A0E-435B-B68D-2B4A1AEAD1E5}
	EndGlobalSection
EndGlobal
